
Microsoft Visual Studio Solution File, Format Version 12.00
# Visual Studio Version 16
VisualStudioVersion = 16.0.31624.102
MinimumVisualStudioVersion = 10.0.40219.1
Project("{FAE04EC0-301F-11D3-BF4B-00C04F79EFBC}") = "UnitTest1", "UnitTest1\UnitTest1.csproj", "{6A6ABB90-F5A2-4C70-89BC-C405CC368E6A}"
EndProject
Global
	GlobalSection(SolutionConfigurationPlatforms) = preSolution
		Debug|Any CPU = Debug|Any CPU
		Release|Any CPU = Release|Any CPU
	EndGlobalSection
	GlobalSection(ProjectConfigurationPlatforms) = postSolution
		{6A6ABB90-F5A2-4C70-89BC-C405CC368E6A}.Debug|Any CPU.ActiveCfg = Debug|Any CPU
		{6A6ABB90-F5A2-4C70-89BC-C405CC368E6A}.Debug|Any CPU.Build.0 = Debug|Any CPU
		{6A6ABB90-F5A2-4C70-89BC-C405CC368E6A}.Release|Any CPU.ActiveCfg = Release|Any CPU
		{6A6ABB90-F5A2-4C70-89BC-C405CC368E6A}.Release|Any CPU.Build.0 = Release|Any CPU
	EndGlobalSection
	GlobalSection(SolutionProperties) = preSolution
		HideSolutionNode = FALSE
	EndGlobalSection
	GlobalSection(ExtensibilityGlobals) = postSolution
		SolutionGuid = {BCE88A58-CF2E-4D8B-A574-991B01A12C28}
	EndGlobalSection
EndGlobal
